Microsoft Visual Studio Solution File, Format Version 12.00
# Visual Studio Version 17
VisualStudioVersion = 17.14.36212.18 d17.14
MinimumVisualStudioVersion = 10.0.40219.1
Project("{FAE04EC0-301F-11D3-BF4B-00C04F79EFBC}") = "NETKit", "src\NETKit\NETKit.csproj", "{C365C804-7435-455C-A26F-10F4BB412D92}"
EndProject
Global
	GlobalSection(SolutionConfigurationPlatforms) = preSolution
		Debug|Any CPU = Debug|Any CPU
		Release|Any CPU = Release|Any CPU
	EndGlobalSection
	GlobalSection(ProjectConfigurationPlatforms) = postSolution
		{C365C804-7435-455C-A26F-10F4BB412D92}.Debug|Any CPU.ActiveCfg = Debug|Any CPU
		{C365C804-7435-455C-A26F-10F4BB412D92}.Debug|Any CPU.Build.0 = Debug|Any CPU
		{C365C804-7435-455C-A26F-10F4BB412D92}.Release|Any CPU.ActiveCfg = Release|Any CPU
		{C365C804-7435-455C-A26F-10F4BB412D92}.Release|Any CPU.Build.0 = Release|Any CPU
	EndGlobalSection
	GlobalSection(SolutionProperties) = preSolution
		HideSolutionNode = FALSE
	EndGlobalSection
	GlobalSection(ExtensibilityGlobals) = postSolution
		SolutionGuid = {49657DC7-20C7-4143-9695-5BAB27788E18}
	EndGlobalSection
EndGlobal
